
Microsoft Visual Studio Solution File, Format Version 12.00
# Visual Studio Version 17
VisualStudioVersion = 17.7.34031.279
MinimumVisualStudioVersion = 10.0.40219.1
Project("{FAE04EC0-301F-11D3-BF4B-00C04F79EFBC}") = "Phase1Section4.31", "Phase1Section4.31\Phase1Section4.31.csproj", "{39627605-599B-45FB-9B96-115DD5557238}"
EndProject
Global
	GlobalSection(SolutionConfigurationPlatforms) = preSolution
		Debug|Any CPU = Debug|Any CPU
		Release|Any CPU = Release|Any CPU
	EndGlobalSection
	GlobalSection(ProjectConfigurationPlatforms) = postSolution
		{39627605-599B-45FB-9B96-115DD5557238}.Debug|Any CPU.ActiveCfg = Debug|Any CPU
		{39627605-599B-45FB-9B96-115DD5557238}.Debug|Any CPU.Build.0 = Debug|Any CPU
		{39627605-599B-45FB-9B96-115DD5557238}.Release|Any CPU.ActiveCfg = Release|Any CPU
		{39627605-599B-45FB-9B96-115DD5557238}.Release|Any CPU.Build.0 = Release|Any CPU
	EndGlobalSection
	GlobalSection(SolutionProperties) = preSolution
		HideSolutionNode = FALSE
	EndGlobalSection
	GlobalSection(ExtensibilityGlobals) = postSolution
		SolutionGuid = {26E43E8A-FA5F-404E-895F-16372504DFA4}
	EndGlobalSection
EndGlobal
